
Microsoft Visual Studio Solution File, Format Version 12.00
# Visual Studio Version 17
VisualStudioVersion = 17.7.33711.374
MinimumVisualStudioVersion = 10.0.40219.1
Project("{FAE04EC0-301F-11D3-BF4B-00C04F79EFBC}") = "GameFica", "GameFica.csproj", "{3CBC31A1-DC89-4047-A9DE-EE62AEE6A6E2}"
EndProject
Global
	GlobalSection(SolutionConfigurationPlatforms) = preSolution
		Debug|Any CPU = Debug|Any CPU
		Release|Any CPU = Release|Any CPU
	EndGlobalSection
	GlobalSection(ProjectConfigurationPlatforms) = postSolution
		{3CBC31A1-DC89-4047-A9DE-EE62AEE6A6E2}.Debug|Any CPU.ActiveCfg = Debug|Any CPU
		{3CBC31A1-DC89-4047-A9DE-EE62AEE6A6E2}.Debug|Any CPU.Build.0 = Debug|Any CPU
		{3CBC31A1-DC89-4047-A9DE-EE62AEE6A6E2}.Release|Any CPU.ActiveCfg = Release|Any CPU
		{3CBC31A1-DC89-4047-A9DE-EE62AEE6A6E2}.Release|Any CPU.Build.0 = Release|Any CPU
	EndGlobalSection
	GlobalSection(SolutionProperties) = preSolution
		HideSolutionNode = FALSE
	EndGlobalSection
	GlobalSection(ExtensibilityGlobals) = postSolution
		SolutionGuid = {0C34BD88-1CD7-4CA9-A7AA-4E59429A1EE5}
	EndGlobalSection
EndGlobal
